// !$*UTF8*$!
{
	archiveVersion = 1;
	classes = {
	};
	objectVersion = 50;
	objects = {

/* Begin PBXBuildFile section */
		9CB166952520A50A00D0AAB5 /* nba_playersApp.swift in Sources */ = {isa = PBXBuildFile; fileRef = 9CB166942520A50A00D0AAB5 /* nba_playersApp.swift */; };
		9CB166972520A50A00D0AAB5 /* ContentView.swift in Sources */ = {isa = PBXBuildFile; fileRef = 9CB166962520A50A00D0AAB5 /* ContentView.swift */; };
		9CB166992520A50F00D0AAB5 /* Assets.xcassets in Resources */ = {isa = PBXBuildFile; fileRef = 9CB166982520A50F00D0AAB5 /* Assets.xcassets */; };
		9CB1669C2520A50F00D0AAB5 /* Preview Assets.xcassets in Resources */ = {isa = PBXBuildFile; fileRef = 9CB1669B2520A50F00D0AAB5 /* Preview Assets.xcassets */; };
		9CB166A52520A57800D0AAB5 /* PlayerFetcher.swift in Sources */ = {isa = PBXBuildFile; fileRef = 9CB166A42520A57800D0AAB5 /* PlayerFetcher.swift */; };
		9CB166A82520B9F900D0AAB5 /* PlayerItem.swift in Sources */ = {isa = PBXBuildFile; fileRef = 9CB166A72520B9F900D0AAB5 /* PlayerItem.swift */; };
		9CB166AB2520BAA300D0AAB5 /* PlayerWebView.swift in Sources */ = {isa = PBXBuildFile; fileRef = 9CB166AA2520BAA300D0AAB5 /* PlayerWebView.swift */; };
		9CB166AE2520BCD700D0AAB5 /* LoadingView.swift in Sources */ = {isa = PBXBuildFile; fileRef = 9CB166AD2520BCD700D0AAB5 /* LoadingView.swift */; };
/* End PBXBuildFile section */

/* Begin PBXFileReference section */
		9CB166912520A50A00D0AAB5 /* nba_players.app */ = {isa = PBXFileReference; explicitFileType = wrapper.application; includeInIndex = 0; path = nba_players.app; sourceTree = BUILT_PRODUCTS_DIR; };
		9CB166942520A50A00D0AAB5 /* nba_playersApp.swift */ = {isa = PBXFileReference; lastKnownFileType = sourcecode.swift; path = nba_playersApp.swift; sourceTree = "<group>"; };
		9CB166962520A50A00D0AAB5 /* ContentView.swift */ = {isa = PBXFileReference; lastKnownFileType = sourcecode.swift; path = ContentView.swift; sourceTree = "<group>"; };
		9CB166982520A50F00D0AAB5 /* Assets.xcassets */ = {isa = PBXFileReference; lastKnownFileType = folder.assetcatalog; path = Assets.xcassets; sourceTree = "<group>"; };
		9CB1669B2520A50F00D0AAB5 /* Preview Assets.xcassets */ = {isa = PBXFileReference; lastKnownFileType = folder.assetcatalog; path = "Preview Assets.xcassets"; sourceTree = "<group>"; };
		9CB1669D2520A50F00D0AAB5 /* Info.plist */ = {isa = PBXFileReference; lastKnownFileType = text.plist.xml; path = Info.plist; sourceTree = "<group>"; };
		9CB166A42520A57800D0AAB5 /* PlayerFetcher.swift */ = {isa = PBXFileReference; lastKnownFileType = sourcecode.swift; path = PlayerFetcher.swift; sourceTree = "<group>"; };
		9CB166A72520B9F900D0AAB5 /* PlayerItem.swift */ = {isa = PBXFileReference; lastKnownFileType = sourcecode.swift; path = PlayerItem.swift; sourceTree = "<group>"; };
		9CB166AA2520BAA300D0AAB5 /* PlayerWebView.swift */ = {isa = PBXFileReference; lastKnownFileType = sourcecode.swift; path = PlayerWebView.swift; sourceTree = "<group>"; };
		9CB166AD2520BCD700D0AAB5 /* LoadingView.swift */ = {isa = PBXFileReference; lastKnownFileType = sourcecode.swift; path = LoadingView.swift; sourceTree = "<group>"; };
/* End PBXFileReference section */

/* Begin PBXFrameworksBuildPhase section */
		9CB1668E2520A50A00D0AAB5 /* Frameworks */ = {
			isa = PBXFrameworksBuildPhase;
			buildActionMask = 2147483647;
			files = (
			);
			runOnlyForDeploymentPostprocessing = 0;
		};
/* End PBXFrameworksBuildPhase section */

/* Begin PBXGroup section */
		9CB166882520A50A00D0AAB5 = {
			isa = PBXGroup;
			children = (
				9CB166932520A50A00D0AAB5 /* nba_players */,
				9CB166922520A50A00D0AAB5 /* Products */,
			);
			sourceTree = "<group>";
		};
		9CB166922520A50A00D0AAB5 /* Products */ = {
			isa = PBXGroup;
			children = (
				9CB166912520A50A00D0AAB5 /* nba_players.app */,
			);
			name = Products;
			sourceTree = "<group>";
		};
		9CB166932520A50A00D0AAB5 /* nba_players */ = {
			isa = PBXGroup;
			children = (
				9CB166942520A50A00D0AAB5 /* nba_playersApp.swift */,
				9CB166962520A50A00D0AAB5 /* ContentView.swift */,
				9CB166982520A50F00D0AAB5 /* Assets.xcassets */,
				9CB1669D2520A50F00D0AAB5 /* Info.plist */,
				9CB1669A2520A50F00D0AAB5 /* Preview Content */,
				9CB166A42520A57800D0AAB5 /* PlayerFetcher.swift */,
				9CB166A72520B9F900D0AAB5 /* PlayerItem.swift */,
				9CB166AA2520BAA300D0AAB5 /* PlayerWebView.swift */,
				9CB166AD2520BCD700D0AAB5 /* LoadingView.swift */,
			);
			path = nba_players;
			sourceTree = "<group>";
		};
		9CB1669A2520A50F00D0AAB5 /* Preview Content */ = {
			isa = PBXGroup;
			children = (
				9CB1669B2520A50F00D0AAB5 /* Preview Assets.xcassets */,
			);
			path = "Preview Content";
			sourceTree = "<group>";
		};
/* End PBXGroup section */

/* Begin PBXNativeTarget section */
		9CB166902520A50A00D0AAB5 /* nba_players */ = {
			isa = PBXNativeTarget;
			buildConfigurationList = 9CB166A02520A50F00D0AAB5 /* Build configuration list for PBXNativeTarget "nba_players" */;
			buildPhases = (
				9CB1668D2520A50A00D0AAB5 /* Sources */,
				9CB1668E2520A50A00D0AAB5 /* Frameworks */,
				9CB1668F2520A50A00D0AAB5 /* Resources */,
			);
			buildRules = (
			);
			dependencies = (
			);
			name = nba_players;
			productName = nba_players;
			productReference = 9CB166912520A50A00D0AAB5 /* nba_players.app */;
			productType = "com.apple.product-type.application";
		};
/* End PBXNativeTarget section */

/* Begin PBXProject section */
		9CB166892520A50A00D0AAB5 /* Project object */ = {
			isa = PBXProject;
			attributes = {
				LastSwiftUpdateCheck = 1200;
				LastUpgradeCheck = 1200;
				TargetAttributes = {
					9CB166902520A50A00D0AAB5 = {
						CreatedOnToolsVersion = 12.0.1;
					};
				};
			};
			buildConfigurationList = 9CB1668C2520A50A00D0AAB5 /* Build configuration list for PBXProject "nba_players" */;
			compatibilityVersion = "Xcode 9.3";
			developmentRegion = en;
			hasScannedForEncodings = 0;
			knownRegions = (
				en,
				Base,
			);
			mainGroup = 9CB166882520A50A00D0AAB5;
			productRefGroup = 9CB166922520A50A00D0AAB5 /* Products */;
			projectDirPath = "";
			projectRoot = "";
			targets = (
				9CB166902520A50A00D0AAB5 /* nba_players */,
			);
		};
/* End PBXProject section */

/* Begin PBXResourcesBuildPhase section */
		9CB1668F2520A50A00D0AAB5 /* Resources */ = {
			isa = PBXResourcesBuildPhase;
			buildActionMask = 2147483647;
			files = (
				9CB1669C2520A50F00D0AAB5 /* Preview Assets.xcassets in Resources */,
				9CB166992520A50F00D0AAB5 /* Assets.xcassets in Resources */,
			);
			runOnlyForDeploymentPostprocessing = 0;
		};
/* End PBXResourcesBuildPhase section */

/* Begin PBXSourcesBuildPhase section */
		9CB1668D2520A50A00D0AAB5 /* Sources */ = {
			isa = PBXSourcesBuildPhase;
			buildActionMask = 2147483647;
			files = (
				9CB166972520A50A00D0AAB5 /* ContentView.swift in Sources */,
				9CB166AB2520BAA300D0AAB5 /* PlayerWebView.swift in Sources */,
				9CB166A52520A57800D0AAB5 /* PlayerFetcher.swift in Sources */,
				9CB166952520A50A00D0AAB5 /* nba_playersApp.swift in Sources */,
				9CB166A82520B9F900D0AAB5 /* PlayerItem.swift in Sources */,
				9CB166AE2520BCD700D0AAB5 /* LoadingView.swift in Sources */,
			);
			runOnlyForDeploymentPostprocessing = 0;
		};
/* End PBXSourcesBuildPhase section */

/* Begin XCBuildConfiguration section */
		9CB1669E2520A50F00D0AAB5 /* Debug */ = {
			isa = XCBuildConfiguration;
			buildSettings = {
				ALWAYS_SEARCH_USER_PATHS = NO;
				CLANG_ANALYZER_NONNULL = YES;
				CLANG_ANALYZER_NUMBER_OBJECT_CONVERSION = YES_AGGRESSIVE;
				CLANG_CXX_LANGUAGE_STANDARD = "gnu++14";
				CLANG_CXX_LIBRARY = "libc++";
				CLANG_ENABLE_MODULES = YES;
				CLANG_ENABLE_OBJC_ARC = YES;
				CLANG_ENABLE_OBJC_WEAK = YES;
				CLANG_WARN_BLOCK_CAPTURE_AUTORELEASING = YES;
				CLANG_WARN_BOOL_CONVERSION = YES;
				CLANG_WARN_COMMA = YES;
				CLANG_WARN_CONSTANT_CONVERSION = YES;
				CLANG_WARN_DEPRECATED_OBJC_IMPLEMENTATIONS = YES;
				CLANG_WARN_DIRECT_OBJC_ISA_USAGE = YES_ERROR;
				CLANG_WARN_DOCUMENTATION_COMMENTS = YES;
				CLANG_WARN_EMPTY_BODY = YES;
				CLANG_WARN_ENUM_CONVERSION = YES;
				CLANG_WARN_INFINITE_RECURSION = YES;
				CLANG_WARN_INT_CONVERSION = YES;
				CLANG_WARN_NON_LITERAL_NULL_CONVERSION = YES;
				CLANG_WARN_OBJC_IMPLICIT_RETAIN_SELF = YES;
				CLANG_WARN_OBJC_LITERAL_CONVERSION = YES;
				CLANG_WARN_OBJC_ROOT_CLASS = YES_ERROR;
				CLANG_WARN_QUOTED_INCLUDE_IN_FRAMEWORK_HEADER = YES;
				CLANG_WARN_RANGE_LOOP_ANALYSIS = YES;
				CLANG_WARN_STRICT_PROTOTYPES = YES;
				CLANG_WARN_SUSPICIOUS_MOVE = YES;
				CLANG_WARN_UNGUARDED_AVAILABILITY = YES_AGGRESSIVE;
				CLANG_WARN_UNREACHABLE_CODE = YES;
				CLANG_WARN__DUPLICATE_METHOD_MATCH = YES;
				COPY_PHASE_STRIP = NO;
				DEBUG_INFORMATION_FORMAT = dwarf;
				ENABLE_STRICT_OBJC_MSGSEND = YES;
				ENABLE_TESTABILITY = YES;
				GCC_C_LANGUAGE_STANDARD = gnu11;
				GCC_DYNAMIC_NO_PIC = NO;
				GCC_NO_COMMON_BLOCKS = YES;
				GCC_OPTIMIZATION_LEVEL = 0;
				GCC_PREPROCESSOR_DEFINITIONS = (
					"DEBUG=1",
					"$(inherited)",
				);
				GCC_WARN_64_TO_32_BIT_CONVERSION = YES;
				GCC_WARN_ABOUT_RETURN_TYPE = YES_ERROR;
				GCC_WARN_UNDECLARED_SELECTOR = YES;
				GCC_WARN_UNINITIALIZED_AUTOS = YES_AGGRESSIVE;
				GCC_WARN_UNUSED_FUNCTION = YES;
				GCC_WARN_UNUSED_VARIABLE = YES;
				IPHONEOS_DEPLOYMENT_TARGET = 14.0;
				MTL_ENABLE_DEBUG_INFO = INCLUDE_SOURCE;
				MTL_FAST_MATH = YES;
				ONLY_ACTIVE_ARCH = YES;
				SDKROOT = iphoneos;
				SWIFT_ACTIVE_COMPILATION_CONDITIONS = DEBUG;
				SWIFT_OPTIMIZATION_LEVEL = "-Onone";
			};
			name = Debug;
		};
		9CB1669F2520A50F00D0AAB5 /* Release */ = {
			isa = XCBuildConfiguration;
			buildSettings = {
				ALWAYS_SEARCH_USER_PATHS = NO;
				CLANG_ANALYZER_NONNULL = YES;
				CLANG_ANALYZER_NUMBER_OBJECT_CONVERSION = YES_AGGRESSIVE;
				CLANG_CXX_LANGUAGE_STANDARD = "gnu++14";
				CLANG_CXX_LIBRARY = "libc++";
				CLANG_ENABLE_MODULES = YES;
				CLANG_ENABLE_OBJC_ARC = YES;
				CLANG_ENABLE_OBJC_WEAK = YES;
				CLANG_WARN_BLOCK_CAPTURE_AUTORELEASING = YES;
				CLANG_WARN_BOOL_CONVERSION = YES;
				CLANG_WARN_COMMA = YES;
				CLANG_WARN_CONSTANT_CONVERSION = YES;
				CLANG_WARN_DEPRECATED_OBJC_IMPLEMENTATIONS = YES;
				CLANG_WARN_DIRECT_OBJC_ISA_USAGE = YES_ERROR;
				CLANG_WARN_DOCUMENTATION_COMMENTS = YES;
				CLANG_WARN_EMPTY_BODY = YES;
				CLANG_WARN_ENUM_CONVERSION = YES;
				CLANG_WARN_INFINITE_RECURSION = YES;
				CLANG_WARN_INT_CONVERSION = YES;
				CLANG_WARN_NON_LITERAL_NULL_CONVERSION = YES;
				CLANG_WARN_OBJC_IMPLICIT_RETAIN_SELF = YES;
				CLANG_WARN_OBJC_LITERAL_CONVERSION = YES;
				CLANG_WARN_OBJC_ROOT_CLASS = YES_ERROR;
				CLANG_WARN_QUOTED_INCLUDE_IN_FRAMEWORK_HEADER = YES;
				CLANG_WARN_RANGE_LOOP_ANALYSIS = YES;
				CLANG_WARN_STRICT_PROTOTYPES = YES;
				CLANG_WARN_SUSPICIOUS_MOVE = YES;
				CLANG_WARN_UNGUARDED_AVAILABILITY = YES_AGGRESSIVE;
				CLANG_WARN_UNREACHABLE_CODE = YES;
				CLANG_WARN__DUPLICATE_METHOD_MATCH = YES;
				COPY_PHASE_STRIP = NO;
				DEBUG_INFORMATION_FORMAT = "dwarf-with-dsym";
				ENABLE_NS_ASSERTIONS = NO;
				ENABLE_STRICT_OBJC_MSGSEND = YES;
				GCC_C_LANGUAGE_STANDARD = gnu11;
				GCC_NO_COMMON_BLOCKS = YES;
				GCC_WARN_64_TO_32_BIT_CONVERSION = YES;
				GCC_WARN_ABOUT_RETURN_TYPE = YES_ERROR;
				GCC_WARN_UNDECLARED_SELECTOR = YES;
				GCC_WARN_UNINITIALIZED_AUTOS = YES_AGGRESSIVE;
				GCC_WARN_UNUSED_FUNCTION = YES;
				GCC_WARN_UNUSED_VARIABLE = YES;
				IPHONEOS_DEPLOYMENT_TARGET = 14.0;
				MTL_ENABLE_DEBUG_INFO = NO;
				MTL_FAST_MATH = YES;
				SDKROOT = iphoneos;
				SWIFT_COMPILATION_MODE = wholemodule;
				SWIFT_OPTIMIZATION_LEVEL = "-O";
				VALIDATE_PRODUCT = YES;
			};
			name = Release;
		};
		9CB166A12520A50F00D0AAB5 /* Debug */ = {
			isa = XCBuildConfiguration;
			buildSettings = {
				ASSETCATALOG_COMPILER_APPICON_NAME = AppIcon;
				ASSETCATALOG_COMPILER_GLOBAL_ACCENT_COLOR_NAME = AccentColor;
				CODE_SIGN_STYLE = Automatic;
				DEVELOPMENT_ASSET_PATHS = "\"nba_players/Preview Content\"";
				ENABLE_PREVIEWS = YES;
				INFOPLIST_FILE = nba_players/Info.plist;
				IPHONEOS_DEPLOYMENT_TARGET = 14.0;
				LD_RUNPATH_SEARCH_PATHS = (
					"$(inherited)",
					"@executable_path/Frameworks",
				);
				PRODUCT_BUNDLE_IDENTIFIER = "com.alexandar12.nba-players";
				PRODUCT_NAME = "$(TARGET_NAME)";
				SWIFT_VERSION = 5.0;
				TARGETED_DEVICE_FAMILY = "1,2";
			};
			name = Debug;
		};
		9CB166A22520A50F00D0AAB5 /* Release */ = {
			isa = XCBuildConfiguration;
			buildSettings = {
				ASSETCATALOG_COMPILER_APPICON_NAME = AppIcon;
				ASSETCATALOG_COMPILER_GLOBAL_ACCENT_COLOR_NAME = AccentColor;
				CODE_SIGN_STYLE = Automatic;
				DEVELOPMENT_ASSET_PATHS = "\"nba_players/Preview Content\"";
				ENABLE_PREVIEWS = YES;
				INFOPLIST_FILE = nba_players/Info.plist;
				IPHONEOS_DEPLOYMENT_TARGET = 14.0;
				LD_RUNPATH_SEARCH_PATHS = (
					"$(inherited)",
					"@executable_path/Frameworks",
				);
				PRODUCT_BUNDLE_IDENTIFIER = "com.alexandar12.nba-players";
				PRODUCT_NAME = "$(TARGET_NAME)";
				SWIFT_VERSION = 5.0;
				TARGETED_DEVICE_FAMILY = "1,2";
			};
			name = Release;
		};
/* End XCBuildConfiguration section */

/* Begin XCConfigurationList section */
		9CB1668C2520A50A00D0AAB5 /* Build configuration list for PBXProject "nba_players" */ = {
			isa = XCConfigurationList;
			buildConfigurations = (
				9CB1669E2520A50F00D0AAB5 /* Debug */,
				9CB1669F2520A50F00D0AAB5 /* Release */,
			);
			defaultConfigurationIsVisible = 0;
			defaultConfigurationName = Release;
		};
		9CB166A02520A50F00D0AAB5 /* Build configuration list for PBXNativeTarget "nba_players" */ = {
			isa = XCConfigurationList;
			buildConfigurations = (
				9CB166A12520A50F00D0AAB5 /* Debug */,
				9CB166A22520A50F00D0AAB5 /* Release */,
			);
			defaultConfigurationIsVisible = 0;
			defaultConfigurationName = Release;
		};
/* End XCConfigurationList section */
	};
	rootObject = 9CB166892520A50A00D0AAB5 /* Project object */;
}
